{
  "name": "@pylonide/vfs-architect",
  "version": "0.7.0",
  "lockfileVersion": 3,
  "requires": true,
  "packages": {
    "": {
      "name": "@pylonide/vfs-architect",
      "version": "0.7.0",
      "license": "MIT",
      "dependencies": {
        "@pylonide/vfs-http-adapter": "~0.5.0",
        "@pylonide/vfs-local": "~0.10.0",
        "architect": "~0.1.13"
      },
      "engines": {
        "node": ">= 18.18.2"
      }
    },
    "node_modules/@pylonide/vfs-http-adapter": {
      "version": "0.5.0",
      "resolved": "https://registry.npmjs.org/@pylonide/vfs-http-adapter/-/vfs-http-adapter-0.5.0.tgz",
      "integrity": "sha512-WtJg9eGPdMu5Ewl768qugb0nVfuyDP069+6BMEXndDJ8dX3ldUS22M6QaBzxNlc+ty9LKKtiFLNSdEooP9n4KA==",
      "engines": {
        "node": ">= 14.21.1"
      }
    },
    "node_modules/@pylonide/vfs-local": {
      "version": "0.10.0",
      "resolved": "https://registry.npmjs.org/@pylonide/vfs-local/-/vfs-local-0.10.0.tgz",
      "integrity": "sha512-lg4F2cmQOU/OF7vVUUiwlIEvto55voDpPP3TgeGG9ns9q3+HY3lez2SLA68zt77tS50Z4s9fChkVFXYEVcW26Q==",
      "dependencies": {
        "node-pty": "1.0.0",
        "simple-mime": "~0.1.0"
      },
      "engines": {
        "node": ">= 14.21.1"
      }
    },
    "node_modules/architect": {
      "version": "0.1.13",
      "resolved": "https://registry.npmjs.org/architect/-/architect-0.1.13.tgz",
      "integrity": "sha1-76eHg/2Bi2TkxHsOde6hk1IDkLo="
    },
    "node_modules/nan": {
      "version": "2.17.0",
      "resolved": "https://registry.npmjs.org/nan/-/nan-2.17.0.tgz",
      "integrity": "sha512-2ZTgtl0nJsO0KQCjEpxcIr5D+Yv90plTitZt9JBfQvVJDS5seMl3FOvsh3+9CoYWXf/1l5OaZzzF6nDm4cagaQ=="
    },
    "node_modules/node-pty": {
      "version": "1.0.0",
      "resolved": "https://registry.npmjs.org/node-pty/-/node-pty-1.0.0.tgz",
      "integrity": "sha512-wtBMWWS7dFZm/VgqElrTvtfMq4GzJ6+edFI0Y0zyzygUSZMgZdraDUMUhCIvkjhJjme15qWmbyJbtAx4ot4uZA==",
      "hasInstallScript": true,
      "dependencies": {
        "nan": "^2.17.0"
      }
    },
    "node_modules/simple-mime": {
      "version": "0.1.0",
      "resolved": "https://registry.npmjs.org/simple-mime/-/simple-mime-0.1.0.tgz",
      "integrity": "sha512-2EoTElzj77w0hV4lW6nWdA+MR+81hviMBhEc/ppUi0+Q311EFCvwKrGS7dcxqvGRKnUdbAyqPJtBQbRYgmtmvQ==",
      "engines": [
        "node >= 0.2.0"
      ]
    }
  }
}
