{
  "name": "@pylonide/vfs-architect",
  "version": "0.4.0",
  "lockfileVersion": 1,
  "requires": true,
  "dependencies": {
    "@pylonide/vfs-http-adapter": {
      "version": "0.5.0",
      "resolved": "https://registry.npmjs.org/@pylonide/vfs-http-adapter/-/vfs-http-adapter-0.5.0.tgz",
      "integrity": "sha512-WtJg9eGPdMu5Ewl768qugb0nVfuyDP069+6BMEXndDJ8dX3ldUS22M6QaBzxNlc+ty9LKKtiFLNSdEooP9n4KA=="
    },
    "@pylonide/vfs-local": {
      "version": "0.9.0",
      "resolved": "https://registry.npmjs.org/@pylonide/vfs-local/-/vfs-local-0.9.0.tgz",
      "integrity": "sha512-xQ6jnVDQEGelzEdWTPVRYWvvWGSE2qFI2wQVVOoqg84uh97tLF9rt1C+ZOL3ScHubOki0zEus0y2F9H+kF6Daw==",
      "requires": {
        "node-pty": "0.11.0-beta28",
        "simple-mime": "~0.1.0"
      }
    },
    "architect": {
      "version": "0.1.13",
      "resolved": "https://registry.npmjs.org/architect/-/architect-0.1.13.tgz",
      "integrity": "sha1-76eHg/2Bi2TkxHsOde6hk1IDkLo="
    },
    "nan": {
      "version": "2.17.0",
      "resolved": "https://registry.npmjs.org/nan/-/nan-2.17.0.tgz",
      "integrity": "sha512-2ZTgtl0nJsO0KQCjEpxcIr5D+Yv90plTitZt9JBfQvVJDS5seMl3FOvsh3+9CoYWXf/1l5OaZzzF6nDm4cagaQ=="
    },
    "node-pty": {
      "version": "0.11.0-beta28",
      "resolved": "https://registry.npmjs.org/node-pty/-/node-pty-0.11.0-beta28.tgz",
      "integrity": "sha512-d0K1cU122BlDaDqGZdoxyl9tCpq+7kbbuLfVqTunSo9tnaTbZIYYY3vVFuNVT9JHjfOvKWYj+5G2T7Kk1cRMOw==",
      "requires": {
        "nan": "^2.17.0"
      }
    },
    "simple-mime": {
      "version": "0.1.0",
      "resolved": "https://registry.npmjs.org/simple-mime/-/simple-mime-0.1.0.tgz",
      "integrity": "sha512-2EoTElzj77w0hV4lW6nWdA+MR+81hviMBhEc/ppUi0+Q311EFCvwKrGS7dcxqvGRKnUdbAyqPJtBQbRYgmtmvQ=="
    }
  }
}
