{
  "name": "@pylonide/vfs-architect",
  "version": "0.1.0",
  "lockfileVersion": 1,
  "requires": true,
  "dependencies": {
    "@pylonide/vfs-http-adapter": {
      "version": "0.3.0",
      "resolved": "https://registry.npmjs.org/@pylonide/vfs-http-adapter/-/vfs-http-adapter-0.3.0.tgz",
      "integrity": "sha512-pEq1YHvBqsYOCXYjRGzLOhY6rOI5tzDUkIle8TQnHDBc7bGcwox+vsjsO2DSlCZUbfqTavIGy834p/XDZ8O0Pg=="
    },
    "@pylonide/vfs-local": {
      "version": "0.5.0",
      "resolved": "https://registry.npmjs.org/@pylonide/vfs-local/-/vfs-local-0.5.0.tgz",
      "integrity": "sha512-dtCAjewcYH1sJQ4crYAk++/3T3yWx9k+L514tBzvKlDeIUGF3tg6TZ11bu+9f3hfTIhdwayJsvv+540iNTt8xg==",
      "requires": {
        "node-pty": "0.9.0-beta21",
        "simple-mime": "0.1.0"
      }
    },
    "architect": {
      "version": "0.1.13",
      "resolved": "https://registry.npmjs.org/architect/-/architect-0.1.13.tgz",
      "integrity": "sha1-76eHg/2Bi2TkxHsOde6hk1IDkLo="
    },
    "nan": {
      "version": "2.14.0",
      "resolved": "https://registry.npmjs.org/nan/-/nan-2.14.0.tgz",
      "integrity": "sha512-INOFj37C7k3AfaNTtX8RhsTw7qRy7eLET14cROi9+5HAVbbHuIWUHEauBv5qT4Av2tWasiTY1Jw6puUNqRJXQg=="
    },
    "node-pty": {
      "version": "0.9.0-beta21",
      "resolved": "https://registry.npmjs.org/node-pty/-/node-pty-0.9.0-beta21.tgz",
      "integrity": "sha512-+OkCaEjr5xMLEa3IGqph+6jPDtRkZBFU2l0AsXKrGN/28AHoyfy+wrf5ov5KCd6UPjiCxCsJ+qOdBWoXJDHJHA==",
      "requires": {
        "nan": "2.14.0"
      }
    },
    "simple-mime": {
      "version": "0.1.0",
      "resolved": "https://registry.npmjs.org/simple-mime/-/simple-mime-0.1.0.tgz",
      "integrity": "sha1-lfUXxPRm18/1YacfydqyWW6p7y4="
    }
  }
}
